
Microsoft Visual Studio Solution File, Format Version 12.00
# Visual Studio Version 17
VisualStudioVersion = 17.4.33213.308
MinimumVisualStudioVersion = 10.0.40219.1
Project("{9A19103F-16F7-4668-BE54-9A1E7A4F7556}") = "GoggleIncentive", "GoggleIncentive\GoggleIncentive.csproj", "{918CADD1-6B8D-4261-A401-73C404BFB280}"
EndProject
Project("{FAE04EC0-301F-11D3-BF4B-00C04F79EFBC}") = "GI.Repository", "GI.Repository\GI.Repository.csproj", "{1CAA76BA-7803-413E-8316-AA97CA155457}"
EndProject
Global
	GlobalSection(SolutionConfigurationPlatforms) = preSolution
		Debug|Any CPU = Debug|Any CPU
		Release|Any CPU = Release|Any CPU
	EndGlobalSection
	GlobalSection(ProjectConfigurationPlatforms) = postSolution
		{918CADD1-6B8D-4261-A401-73C404BFB280}.Debug|Any CPU.ActiveCfg = Debug|Any CPU
		{918CADD1-6B8D-4261-A401-73C404BFB280}.Debug|Any CPU.Build.0 = Debug|Any CPU
		{918CADD1-6B8D-4261-A401-73C404BFB280}.Release|Any CPU.ActiveCfg = Release|Any CPU
		{918CADD1-6B8D-4261-A401-73C404BFB280}.Release|Any CPU.Build.0 = Release|Any CPU
		{1CAA76BA-7803-413E-8316-AA97CA155457}.Debug|Any CPU.ActiveCfg = Debug|Any CPU
		{1CAA76BA-7803-413E-8316-AA97CA155457}.Debug|Any CPU.Build.0 = Debug|Any CPU
		{1CAA76BA-7803-413E-8316-AA97CA155457}.Release|Any CPU.ActiveCfg = Release|Any CPU
		{1CAA76BA-7803-413E-8316-AA97CA155457}.Release|Any CPU.Build.0 = Release|Any CPU
	EndGlobalSection
	GlobalSection(SolutionProperties) = preSolution
		HideSolutionNode = FALSE
	EndGlobalSection
	GlobalSection(ExtensibilityGlobals) = postSolution
		SolutionGuid = {768EE211-D404-43FE-8AAC-3E772B439787}
	EndGlobalSection
EndGlobal
